// !$*UTF8*$!
{
	archiveVersion = 1;
	classes = {
	};
	objectVersion = 46;
	objects = {

/* Begin PBXBuildFile section */
		AA489A611CEF184B00024DAF /* AppDelegate.swift in Sources */ = {isa = PBXBuildFile; fileRef = AA489A601CEF184B00024DAF /* AppDelegate.swift */; };
		AA489A631CEF184B00024DAF /* ViewController.swift in Sources */ = {isa = PBXBuildFile; fileRef = AA489A621CEF184B00024DAF /* ViewController.swift */; };
		AA489A661CEF184B00024DAF /* Main.storyboard in Resources */ = {isa = PBXBuildFile; fileRef = AA489A641CEF184B00024DAF /* Main.storyboard */; };
		AA489A681CEF184B00024DAF /* Assets.xcassets in Resources */ = {isa = PBXBuildFile; fileRef = AA489A671CEF184B00024DAF /* Assets.xcassets */; };
		AA489A6B1CEF184B00024DAF /* LaunchScreen.storyboard in Resources */ = {isa = PBXBuildFile; fileRef = AA489A691CEF184B00024DAF /* LaunchScreen.storyboard */; };
		AA489A761CEF184B00024DAF /* serve_big_voice0520Tests.swift in Sources */ = {isa = PBXBuildFile; fileRef = AA489A751CEF184B00024DAF /* serve_big_voice0520Tests.swift */; };
		AA489A811CEF184B00024DAF /* serve_big_voice0520UITests.swift in Sources */ = {isa = PBXBuildFile; fileRef = AA489A801CEF184B00024DAF /* serve_big_voice0520UITests.swift */; };
		AA489A8F1CEF18BC00024DAF /* RecordingViewController.swift in Sources */ = {isa = PBXBuildFile; fileRef = AA489A8E1CEF18BC00024DAF /* RecordingViewController.swift */; };
		AA489A911CEF191D00024DAF /* CountdownViewController.swift in Sources */ = {isa = PBXBuildFile; fileRef = AA489A901CEF191D00024DAF /* CountdownViewController.swift */; };
		AA489A931CEF196100024DAF /* HomeViewController.swift in Sources */ = {isa = PBXBuildFile; fileRef = AA489A921CEF196100024DAF /* HomeViewController.swift */; };
		AA489A951CEF1CD300024DAF /* RankingViewController.swift in Sources */ = {isa = PBXBuildFile; fileRef = AA489A941CEF1CD300024DAF /* RankingViewController.swift */; };
		AA489A971CEF200300024DAF /* StringExtensionsViewController.swift in Sources */ = {isa = PBXBuildFile; fileRef = AA489A961CEF200300024DAF /* StringExtensionsViewController.swift */; };
/* End PBXBuildFile section */

/* Begin PBXContainerItemProxy section */
		AA489A721CEF184B00024DAF /* PBXContainerItemProxy */ = {
			isa = PBXContainerItemProxy;
			containerPortal = AA489A551CEF184B00024DAF /* Project object */;
			proxyType = 1;
			remoteGlobalIDString = AA489A5C1CEF184B00024DAF;
			remoteInfo = serve_big_voice0520;
		};
		AA489A7D1CEF184B00024DAF /* PBXContainerItemProxy */ = {
			isa = PBXContainerItemProxy;
			containerPortal = AA489A551CEF184B00024DAF /* Project object */;
			proxyType = 1;
			remoteGlobalIDString = AA489A5C1CEF184B00024DAF;
			remoteInfo = serve_big_voice0520;
		};
/* End PBXContainerItemProxy section */

/* Begin PBXFileReference section */
		AA489A5D1CEF184B00024DAF /* serve_big_voice0520.app */ = {isa = PBXFileReference; explicitFileType = wrapper.application; includeInIndex = 0; path = serve_big_voice0520.app; sourceTree = BUILT_PRODUCTS_DIR; };
		AA489A601CEF184B00024DAF /* AppDelegate.swift */ = {isa = PBXFileReference; lastKnownFileType = sourcecode.swift; path = AppDelegate.swift; sourceTree = "<group>"; };
		AA489A621CEF184B00024DAF /* ViewController.swift */ = {isa = PBXFileReference; lastKnownFileType = sourcecode.swift; path = ViewController.swift; sourceTree = "<group>"; };
		AA489A651CEF184B00024DAF /* Base */ = {isa = PBXFileReference; lastKnownFileType = file.storyboard; name = Base; path = Base.lproj/Main.storyboard; sourceTree = "<group>"; };
		AA489A671CEF184B00024DAF /* Assets.xcassets */ = {isa = PBXFileReference; lastKnownFileType = folder.assetcatalog; path = Assets.xcassets; sourceTree = "<group>"; };
		AA489A6A1CEF184B00024DAF /* Base */ = {isa = PBXFileReference; lastKnownFileType = file.storyboard; name = Base; path = Base.lproj/LaunchScreen.storyboard; sourceTree = "<group>"; };
		AA489A6C1CEF184B00024DAF /* Info.plist */ = {isa = PBXFileReference; lastKnownFileType = text.plist.xml; path = Info.plist; sourceTree = "<group>"; };
		AA489A711CEF184B00024DAF /* serve_big_voice0520Tests.xctest */ = {isa = PBXFileReference; explicitFileType = wrapper.cfbundle; includeInIndex = 0; path = serve_big_voice0520Tests.xctest; sourceTree = BUILT_PRODUCTS_DIR; };
		AA489A751CEF184B00024DAF /* serve_big_voice0520Tests.swift */ = {isa = PBXFileReference; lastKnownFileType = sourcecode.swift; path = serve_big_voice0520Tests.swift; sourceTree = "<group>"; };
		AA489A771CEF184B00024DAF /* Info.plist */ = {isa = PBXFileReference; lastKnownFileType = text.plist.xml; path = Info.plist; sourceTree = "<group>"; };
		AA489A7C1CEF184B00024DAF /* serve_big_voice0520UITests.xctest */ = {isa = PBXFileReference; explicitFileType = wrapper.cfbundle; includeInIndex = 0; path = serve_big_voice0520UITests.xctest; sourceTree = BUILT_PRODUCTS_DIR; };
		AA489A801CEF184B00024DAF /* serve_big_voice0520UITests.swift */ = {isa = PBXFileReference; lastKnownFileType = sourcecode.swift; path = serve_big_voice0520UITests.swift; sourceTree = "<group>"; };
		AA489A821CEF184B00024DAF /* Info.plist */ = {isa = PBXFileReference; lastKnownFileType = text.plist.xml; path = Info.plist; sourceTree = "<group>"; };
		AA489A8E1CEF18BC00024DAF /* RecordingViewController.swift */ = {isa = PBXFileReference; fileEncoding = 4; lastKnownFileType = sourcecode.swift; path = RecordingViewController.swift; sourceTree = "<group>"; };
		AA489A901CEF191D00024DAF /* CountdownViewController.swift */ = {isa = PBXFileReference; fileEncoding = 4; lastKnownFileType = sourcecode.swift; name = CountdownViewController.swift; path = ../CountdownViewController.swift; sourceTree = "<group>"; };
		AA489A921CEF196100024DAF /* HomeViewController.swift */ = {isa = PBXFileReference; fileEncoding = 4; lastKnownFileType = sourcecode.swift; path = HomeViewController.swift; sourceTree = "<group>"; };
		AA489A941CEF1CD300024DAF /* RankingViewController.swift */ = {isa = PBXFileReference; fileEncoding = 4; lastKnownFileType = sourcecode.swift; path = RankingViewController.swift; sourceTree = "<group>"; };
		AA489A961CEF200300024DAF /* StringExtensionsViewController.swift */ = {isa = PBXFileReference; fileEncoding = 4; lastKnownFileType = sourcecode.swift; path = StringExtensionsViewController.swift; sourceTree = "<group>"; };
/* End PBXFileReference section */

/* Begin PBXFrameworksBuildPhase section */
		AA489A5A1CEF184B00024DAF /* Frameworks */ = {
			isa = PBXFrameworksBuildPhase;
			buildActionMask = 2147483647;
			files = (
			);
			runOnlyForDeploymentPostprocessing = 0;
		};
		AA489A6E1CEF184B00024DAF /* Frameworks */ = {
			isa = PBXFrameworksBuildPhase;
			buildActionMask = 2147483647;
			files = (
			);
			runOnlyForDeploymentPostprocessing = 0;
		};
		AA489A791CEF184B00024DAF /* Frameworks */ = {
			isa = PBXFrameworksBuildPhase;
			buildActionMask = 2147483647;
			files = (
			);
			runOnlyForDeploymentPostprocessing = 0;
		};
/* End PBXFrameworksBuildPhase section */

/* Begin PBXGroup section */
		AA489A541CEF184B00024DAF = {
			isa = PBXGroup;
			children = (
				AA489A5F1CEF184B00024DAF /* serve_big_voice0520 */,
				AA489A741CEF184B00024DAF /* serve_big_voice0520Tests */,
				AA489A7F1CEF184B00024DAF /* serve_big_voice0520UITests */,
				AA489A5E1CEF184B00024DAF /* Products */,
			);
			sourceTree = "<group>";
		};
		AA489A5E1CEF184B00024DAF /* Products */ = {
			isa = PBXGroup;
			children = (
				AA489A5D1CEF184B00024DAF /* serve_big_voice0520.app */,
				AA489A711CEF184B00024DAF /* serve_big_voice0520Tests.xctest */,
				AA489A7C1CEF184B00024DAF /* serve_big_voice0520UITests.xctest */,
			);
			name = Products;
			sourceTree = "<group>";
		};
		AA489A5F1CEF184B00024DAF /* serve_big_voice0520 */ = {
			isa = PBXGroup;
			children = (
				AA489A601CEF184B00024DAF /* AppDelegate.swift */,
				AA489A921CEF196100024DAF /* HomeViewController.swift */,
				AA489A901CEF191D00024DAF /* CountdownViewController.swift */,
				AA489A8E1CEF18BC00024DAF /* RecordingViewController.swift */,
				AA489A941CEF1CD300024DAF /* RankingViewController.swift */,
				AA489A961CEF200300024DAF /* StringExtensionsViewController.swift */,
				AA489A621CEF184B00024DAF /* ViewController.swift */,
				AA489A641CEF184B00024DAF /* Main.storyboard */,
				AA489A671CEF184B00024DAF /* Assets.xcassets */,
				AA489A691CEF184B00024DAF /* LaunchScreen.storyboard */,
				AA489A6C1CEF184B00024DAF /* Info.plist */,
			);
			path = serve_big_voice0520;
			sourceTree = "<group>";
		};
		AA489A741CEF184B00024DAF /* serve_big_voice0520Tests */ = {
			isa = PBXGroup;
			children = (
				AA489A751CEF184B00024DAF /* serve_big_voice0520Tests.swift */,
				AA489A771CEF184B00024DAF /* Info.plist */,
			);
			path = serve_big_voice0520Tests;
			sourceTree = "<group>";
		};
		AA489A7F1CEF184B00024DAF /* serve_big_voice0520UITests */ = {
			isa = PBXGroup;
			children = (
				AA489A801CEF184B00024DAF /* serve_big_voice0520UITests.swift */,
				AA489A821CEF184B00024DAF /* Info.plist */,
			);
			path = serve_big_voice0520UITests;
			sourceTree = "<group>";
		};
/* End PBXGroup section */

/* Begin PBXNativeTarget section */
		AA489A5C1CEF184B00024DAF /* serve_big_voice0520 */ = {
			isa = PBXNativeTarget;
			buildConfigurationList = AA489A851CEF184B00024DAF /* Build configuration list for PBXNativeTarget "serve_big_voice0520" */;
			buildPhases = (
				AA489A591CEF184B00024DAF /* Sources */,
				AA489A5A1CEF184B00024DAF /* Frameworks */,
				AA489A5B1CEF184B00024DAF /* Resources */,
			);
			buildRules = (
			);
			dependencies = (
			);
			name = serve_big_voice0520;
			productName = serve_big_voice0520;
			productReference = AA489A5D1CEF184B00024DAF /* serve_big_voice0520.app */;
			productType = "com.apple.product-type.application";
		};
		AA489A701CEF184B00024DAF /* serve_big_voice0520Tests */ = {
			isa = PBXNativeTarget;
			buildConfigurationList = AA489A881CEF184B00024DAF /* Build configuration list for PBXNativeTarget "serve_big_voice0520Tests" */;
			buildPhases = (
				AA489A6D1CEF184B00024DAF /* Sources */,
				AA489A6E1CEF184B00024DAF /* Frameworks */,
				AA489A6F1CEF184B00024DAF /* Resources */,
			);
			buildRules = (
			);
			dependencies = (
				AA489A731CEF184B00024DAF /* PBXTargetDependency */,
			);
			name = serve_big_voice0520Tests;
			productName = serve_big_voice0520Tests;
			productReference = AA489A711CEF184B00024DAF /* serve_big_voice0520Tests.xctest */;
			productType = "com.apple.product-type.bundle.unit-test";
		};
		AA489A7B1CEF184B00024DAF /* serve_big_voice0520UITests */ = {
			isa = PBXNativeTarget;
			buildConfigurationList = AA489A8B1CEF184B00024DAF /* Build configuration list for PBXNativeTarget "serve_big_voice0520UITests" */;
			buildPhases = (
				AA489A781CEF184B00024DAF /* Sources */,
				AA489A791CEF184B00024DAF /* Frameworks */,
				AA489A7A1CEF184B00024DAF /* Resources */,
			);
			buildRules = (
			);
			dependencies = (
				AA489A7E1CEF184B00024DAF /* PBXTargetDependency */,
			);
			name = serve_big_voice0520UITests;
			productName = serve_big_voice0520UITests;
			productReference = AA489A7C1CEF184B00024DAF /* serve_big_voice0520UITests.xctest */;
			productType = "com.apple.product-type.bundle.ui-testing";
		};
/* End PBXNativeTarget section */

/* Begin PBXProject section */
		AA489A551CEF184B00024DAF /* Project object */ = {
			isa = PBXProject;
			attributes = {
				LastSwiftUpdateCheck = 0730;
				LastUpgradeCheck = 0730;
				ORGANIZATIONNAME = "Yuma Yamamoto";
				TargetAttributes = {
					AA489A5C1CEF184B00024DAF = {
						CreatedOnToolsVersion = 7.3.1;
						DevelopmentTeam = 6RPXLK33K6;
					};
					AA489A701CEF184B00024DAF = {
						CreatedOnToolsVersion = 7.3.1;
						DevelopmentTeam = 6RPXLK33K6;
						TestTargetID = AA489A5C1CEF184B00024DAF;
					};
					AA489A7B1CEF184B00024DAF = {
						CreatedOnToolsVersion = 7.3.1;
						DevelopmentTeam = 6RPXLK33K6;
						TestTargetID = AA489A5C1CEF184B00024DAF;
					};
				};
			};
			buildConfigurationList = AA489A581CEF184B00024DAF /* Build configuration list for PBXProject "serve_big_voice0520" */;
			compatibilityVersion = "Xcode 3.2";
			developmentRegion = English;
			hasScannedForEncodings = 0;
			knownRegions = (
				en,
				Base,
			);
			mainGroup = AA489A541CEF184B00024DAF;
			productRefGroup = AA489A5E1CEF184B00024DAF /* Products */;
			projectDirPath = "";
			projectRoot = "";
			targets = (
				AA489A5C1CEF184B00024DAF /* serve_big_voice0520 */,
				AA489A701CEF184B00024DAF /* serve_big_voice0520Tests */,
				AA489A7B1CEF184B00024DAF /* serve_big_voice0520UITests */,
			);
		};
/* End PBXProject section */

/* Begin PBXResourcesBuildPhase section */
		AA489A5B1CEF184B00024DAF /* Resources */ = {
			isa = PBXResourcesBuildPhase;
			buildActionMask = 2147483647;
			files = (
				AA489A6B1CEF184B00024DAF /* LaunchScreen.storyboard in Resources */,
				AA489A681CEF184B00024DAF /* Assets.xcassets in Resources */,
				AA489A661CEF184B00024DAF /* Main.storyboard in Resources */,
			);
			runOnlyForDeploymentPostprocessing = 0;
		};
		AA489A6F1CEF184B00024DAF /* Resources */ = {
			isa = PBXResourcesBuildPhase;
			buildActionMask = 2147483647;
			files = (
			);
			runOnlyForDeploymentPostprocessing = 0;
		};
		AA489A7A1CEF184B00024DAF /* Resources */ = {
			isa = PBXResourcesBuildPhase;
			buildActionMask = 2147483647;
			files = (
			);
			runOnlyForDeploymentPostprocessing = 0;
		};
/* End PBXResourcesBuildPhase section */

/* Begin PBXSourcesBuildPhase section */
		AA489A591CEF184B00024DAF /* Sources */ = {
			isa = PBXSourcesBuildPhase;
			buildActionMask = 2147483647;
			files = (
				AA489A971CEF200300024DAF /* StringExtensionsViewController.swift in Sources */,
				AA489A931CEF196100024DAF /* HomeViewController.swift in Sources */,
				AA489A911CEF191D00024DAF /* CountdownViewController.swift in Sources */,
				AA489A8F1CEF18BC00024DAF /* RecordingViewController.swift in Sources */,
				AA489A631CEF184B00024DAF /* ViewController.swift in Sources */,
				AA489A611CEF184B00024DAF /* AppDelegate.swift in Sources */,
				AA489A951CEF1CD300024DAF /* RankingViewController.swift in Sources */,
			);
			runOnlyForDeploymentPostprocessing = 0;
		};
		AA489A6D1CEF184B00024DAF /* Sources */ = {
			isa = PBXSourcesBuildPhase;
			buildActionMask = 2147483647;
			files = (
				AA489A761CEF184B00024DAF /* serve_big_voice0520Tests.swift in Sources */,
			);
			runOnlyForDeploymentPostprocessing = 0;
		};
		AA489A781CEF184B00024DAF /* Sources */ = {
			isa = PBXSourcesBuildPhase;
			buildActionMask = 2147483647;
			files = (
				AA489A811CEF184B00024DAF /* serve_big_voice0520UITests.swift in Sources */,
			);
			runOnlyForDeploymentPostprocessing = 0;
		};
/* End PBXSourcesBuildPhase section */

/* Begin PBXTargetDependency section */
		AA489A731CEF184B00024DAF /* PBXTargetDependency */ = {
			isa = PBXTargetDependency;
			target = AA489A5C1CEF184B00024DAF /* serve_big_voice0520 */;
			targetProxy = AA489A721CEF184B00024DAF /* PBXContainerItemProxy */;
		};
		AA489A7E1CEF184B00024DAF /* PBXTargetDependency */ = {
			isa = PBXTargetDependency;
			target = AA489A5C1CEF184B00024DAF /* serve_big_voice0520 */;
			targetProxy = AA489A7D1CEF184B00024DAF /* PBXContainerItemProxy */;
		};
/* End PBXTargetDependency section */

/* Begin PBXVariantGroup section */
		AA489A641CEF184B00024DAF /* Main.storyboard */ = {
			isa = PBXVariantGroup;
			children = (
				AA489A651CEF184B00024DAF /* Base */,
			);
			name = Main.storyboard;
			sourceTree = "<group>";
		};
		AA489A691CEF184B00024DAF /* LaunchScreen.storyboard */ = {
			isa = PBXVariantGroup;
			children = (
				AA489A6A1CEF184B00024DAF /* Base */,
			);
			name = LaunchScreen.storyboard;
			sourceTree = "<group>";
		};
/* End PBXVariantGroup section */

/* Begin XCBuildConfiguration section */
		AA489A831CEF184B00024DAF /* Debug */ = {
			isa = XCBuildConfiguration;
			buildSettings = {
				ALWAYS_SEARCH_USER_PATHS = NO;
				CLANG_ANALYZER_NONNULL = YES;
				CLANG_CXX_LANGUAGE_STANDARD = "gnu++0x";
				CLANG_CXX_LIBRARY = "libc++";
				CLANG_ENABLE_MODULES = YES;
				CLANG_ENABLE_OBJC_ARC = YES;
				CLANG_WARN_BOOL_CONVERSION = YES;
				CLANG_WARN_CONSTANT_CONVERSION = YES;
				CLANG_WARN_DIRECT_OBJC_ISA_USAGE = YES_ERROR;
				CLANG_WARN_EMPTY_BODY = YES;
				CLANG_WARN_ENUM_CONVERSION = YES;
				CLANG_WARN_INT_CONVERSION = YES;
				CLANG_WARN_OBJC_ROOT_CLASS = YES_ERROR;
				CLANG_WARN_UNREACHABLE_CODE = YES;
				CLANG_WARN__DUPLICATE_METHOD_MATCH = YES;
				"CODE_SIGN_IDENTITY[sdk=iphoneos*]" = "iPhone Developer";
				COPY_PHASE_STRIP = NO;
				DEBUG_INFORMATION_FORMAT = dwarf;
				ENABLE_STRICT_OBJC_MSGSEND = YES;
				ENABLE_TESTABILITY = YES;
				GCC_C_LANGUAGE_STANDARD = gnu99;
				GCC_DYNAMIC_NO_PIC = NO;
				GCC_NO_COMMON_BLOCKS = YES;
				GCC_OPTIMIZATION_LEVEL = 0;
				GCC_PREPROCESSOR_DEFINITIONS = (
					"DEBUG=1",
					"$(inherited)",
				);
				GCC_WARN_64_TO_32_BIT_CONVERSION = YES;
				GCC_WARN_ABOUT_RETURN_TYPE = YES_ERROR;
				GCC_WARN_UNDECLARED_SELECTOR = YES;
				GCC_WARN_UNINITIALIZED_AUTOS = YES_AGGRESSIVE;
				GCC_WARN_UNUSED_FUNCTION = YES;
				GCC_WARN_UNUSED_VARIABLE = YES;
				IPHONEOS_DEPLOYMENT_TARGET = 9.3;
				MTL_ENABLE_DEBUG_INFO = YES;
				ONLY_ACTIVE_ARCH = YES;
				SDKROOT = iphoneos;
				SWIFT_OPTIMIZATION_LEVEL = "-Onone";
			};
			name = Debug;
		};
		AA489A841CEF184B00024DAF /* Release */ = {
			isa = XCBuildConfiguration;
			buildSettings = {
				ALWAYS_SEARCH_USER_PATHS = NO;
				CLANG_ANALYZER_NONNULL = YES;
				CLANG_CXX_LANGUAGE_STANDARD = "gnu++0x";
				CLANG_CXX_LIBRARY = "libc++";
				CLANG_ENABLE_MODULES = YES;
				CLANG_ENABLE_OBJC_ARC = YES;
				CLANG_WARN_BOOL_CONVERSION = YES;
				CLANG_WARN_CONSTANT_CONVERSION = YES;
				CLANG_WARN_DIRECT_OBJC_ISA_USAGE = YES_ERROR;
				CLANG_WARN_EMPTY_BODY = YES;
				CLANG_WARN_ENUM_CONVERSION = YES;
				CLANG_WARN_INT_CONVERSION = YES;
				CLANG_WARN_OBJC_ROOT_CLASS = YES_ERROR;
				CLANG_WARN_UNREACHABLE_CODE = YES;
				CLANG_WARN__DUPLICATE_METHOD_MATCH = YES;
				"CODE_SIGN_IDENTITY[sdk=iphoneos*]" = "iPhone Developer";
				COPY_PHASE_STRIP = NO;
				DEBUG_INFORMATION_FORMAT = "dwarf-with-dsym";
				ENABLE_NS_ASSERTIONS = NO;
				ENABLE_STRICT_OBJC_MSGSEND = YES;
				GCC_C_LANGUAGE_STANDARD = gnu99;
				GCC_NO_COMMON_BLOCKS = YES;
				GCC_WARN_64_TO_32_BIT_CONVERSION = YES;
				GCC_WARN_ABOUT_RETURN_TYPE = YES_ERROR;
				GCC_WARN_UNDECLARED_SELECTOR = YES;
				GCC_WARN_UNINITIALIZED_AUTOS = YES_AGGRESSIVE;
				GCC_WARN_UNUSED_FUNCTION = YES;
				GCC_WARN_UNUSED_VARIABLE = YES;
				IPHONEOS_DEPLOYMENT_TARGET = 9.3;
				MTL_ENABLE_DEBUG_INFO = NO;
				SDKROOT = iphoneos;
				VALIDATE_PRODUCT = YES;
			};
			name = Release;
		};
		AA489A861CEF184B00024DAF /* Debug */ = {
			isa = XCBuildConfiguration;
			buildSettings = {
				ASSETCATALOG_COMPILER_APPICON_NAME = AppIcon;
				INFOPLIST_FILE = serve_big_voice0520/Info.plist;
				LD_RUNPATH_SEARCH_PATHS = "$(inherited) @executable_path/Frameworks";
				PRODUCT_BUNDLE_IDENTIFIER = "yuma-yamamoto.serve-big-voice0520";
				PRODUCT_NAME = "$(TARGET_NAME)";
			};
			name = Debug;
		};
		AA489A871CEF184B00024DAF /* Release */ = {
			isa = XCBuildConfiguration;
			buildSettings = {
				ASSETCATALOG_COMPILER_APPICON_NAME = AppIcon;
				INFOPLIST_FILE = serve_big_voice0520/Info.plist;
				LD_RUNPATH_SEARCH_PATHS = "$(inherited) @executable_path/Frameworks";
				PRODUCT_BUNDLE_IDENTIFIER = "yuma-yamamoto.serve-big-voice0520";
				PRODUCT_NAME = "$(TARGET_NAME)";
			};
			name = Release;
		};
		AA489A891CEF184B00024DAF /* Debug */ = {
			isa = XCBuildConfiguration;
			buildSettings = {
				BUNDLE_LOADER = "$(TEST_HOST)";
				INFOPLIST_FILE = serve_big_voice0520Tests/Info.plist;
				LD_RUNPATH_SEARCH_PATHS = "$(inherited) @executable_path/Frameworks @loader_path/Frameworks";
				PRODUCT_BUNDLE_IDENTIFIER = "yuma-yamamoto.serve-big-voice0520Tests";
				PRODUCT_NAME = "$(TARGET_NAME)";
				TEST_HOST = "$(BUILT_PRODUCTS_DIR)/serve_big_voice0520.app/serve_big_voice0520";
			};
			name = Debug;
		};
		AA489A8A1CEF184B00024DAF /* Release */ = {
			isa = XCBuildConfiguration;
			buildSettings = {
				BUNDLE_LOADER = "$(TEST_HOST)";
				INFOPLIST_FILE = serve_big_voice0520Tests/Info.plist;
				LD_RUNPATH_SEARCH_PATHS = "$(inherited) @executable_path/Frameworks @loader_path/Frameworks";
				PRODUCT_BUNDLE_IDENTIFIER = "yuma-yamamoto.serve-big-voice0520Tests";
				PRODUCT_NAME = "$(TARGET_NAME)";
				TEST_HOST = "$(BUILT_PRODUCTS_DIR)/serve_big_voice0520.app/serve_big_voice0520";
			};
			name = Release;
		};
		AA489A8C1CEF184B00024DAF /* Debug */ = {
			isa = XCBuildConfiguration;
			buildSettings = {
				INFOPLIST_FILE = serve_big_voice0520UITests/Info.plist;
				LD_RUNPATH_SEARCH_PATHS = "$(inherited) @executable_path/Frameworks @loader_path/Frameworks";
				PRODUCT_BUNDLE_IDENTIFIER = "yuma-yamamoto.serve-big-voice0520UITests";
				PRODUCT_NAME = "$(TARGET_NAME)";
				TEST_TARGET_NAME = serve_big_voice0520;
			};
			name = Debug;
		};
		AA489A8D1CEF184B00024DAF /* Release */ = {
			isa = XCBuildConfiguration;
			buildSettings = {
				INFOPLIST_FILE = serve_big_voice0520UITests/Info.plist;
				LD_RUNPATH_SEARCH_PATHS = "$(inherited) @executable_path/Frameworks @loader_path/Frameworks";
				PRODUCT_BUNDLE_IDENTIFIER = "yuma-yamamoto.serve-big-voice0520UITests";
				PRODUCT_NAME = "$(TARGET_NAME)";
				TEST_TARGET_NAME = serve_big_voice0520;
			};
			name = Release;
		};
/* End XCBuildConfiguration section */

/* Begin XCConfigurationList section */
		AA489A581CEF184B00024DAF /* Build configuration list for PBXProject "serve_big_voice0520" */ = {
			isa = XCConfigurationList;
			buildConfigurations = (
				AA489A831CEF184B00024DAF /* Debug */,
				AA489A841CEF184B00024DAF /* Release */,
			);
			defaultConfigurationIsVisible = 0;
			defaultConfigurationName = Release;
		};
		AA489A851CEF184B00024DAF /* Build configuration list for PBXNativeTarget "serve_big_voice0520" */ = {
			isa = XCConfigurationList;
			buildConfigurations = (
				AA489A861CEF184B00024DAF /* Debug */,
				AA489A871CEF184B00024DAF /* Release */,
			);
			defaultConfigurationIsVisible = 0;
			defaultConfigurationName = Release;
		};
		AA489A881CEF184B00024DAF /* Build configuration list for PBXNativeTarget "serve_big_voice0520Tests" */ = {
			isa = XCConfigurationList;
			buildConfigurations = (
				AA489A891CEF184B00024DAF /* Debug */,
				AA489A8A1CEF184B00024DAF /* Release */,
			);
			defaultConfigurationIsVisible = 0;
			defaultConfigurationName = Release;
		};
		AA489A8B1CEF184B00024DAF /* Build configuration list for PBXNativeTarget "serve_big_voice0520UITests" */ = {
			isa = XCConfigurationList;
			buildConfigurations = (
				AA489A8C1CEF184B00024DAF /* Debug */,
				AA489A8D1CEF184B00024DAF /* Release */,
			);
			defaultConfigurationIsVisible = 0;
			defaultConfigurationName = Release;
		};
/* End XCConfigurationList section */
	};
	rootObject = AA489A551CEF184B00024DAF /* Project object */;
}
